// !$*UTF8*$!
{
	archiveVersion = 1;
	classes = {
	};
	objectVersion = 50;
	objects = {

/* Begin PBXBuildFile section */
		6518951722662F8B0070788D /* CDLD.xcdatamodeld in Sources */ = {isa = PBXBuildFile; fileRef = 6518951522662F8B0070788D /* CDLD.xcdatamodeld */; };
		651E934F2260DD3A00ACF1D7 /* AppDelegate.swift in Sources */ = {isa = PBXBuildFile; fileRef = 651E934E2260DD3A00ACF1D7 /* AppDelegate.swift */; };
		651E93542260DD3A00ACF1D7 /* Main.storyboard in Resources */ = {isa = PBXBuildFile; fileRef = 651E93522260DD3A00ACF1D7 /* Main.storyboard */; };
		651E93572260DD3B00ACF1D7 /* RandomUserCoreData.xcdatamodeld in Sources */ = {isa = PBXBuildFile; fileRef = 651E93552260DD3B00ACF1D7 /* RandomUserCoreData.xcdatamodeld */; };
		651E93592260DD3C00ACF1D7 /* Assets.xcassets in Resources */ = {isa = PBXBuildFile; fileRef = 651E93582260DD3C00ACF1D7 /* Assets.xcassets */; };
		651E935C2260DD3C00ACF1D7 /* LaunchScreen.storyboard in Resources */ = {isa = PBXBuildFile; fileRef = 651E935A2260DD3C00ACF1D7 /* LaunchScreen.storyboard */; };
		651E93642260E58600ACF1D7 /* RandomUserTableViewController.swift in Sources */ = {isa = PBXBuildFile; fileRef = 651E93632260E58600ACF1D7 /* RandomUserTableViewController.swift */; };
		651E93682260E60B00ACF1D7 /* RandomUserTableViewCell.swift in Sources */ = {isa = PBXBuildFile; fileRef = 651E93662260E60B00ACF1D7 /* RandomUserTableViewCell.swift */; };
		651E93692260E60B00ACF1D7 /* RandomUserTableViewCell.xib in Resources */ = {isa = PBXBuildFile; fileRef = 651E93672260E60B00ACF1D7 /* RandomUserTableViewCell.xib */; };
		651E936F2260EBF200ACF1D7 /* UITableView+Xib.swift in Sources */ = {isa = PBXBuildFile; fileRef = 651E936E2260EBF200ACF1D7 /* UITableView+Xib.swift */; };
		651E93732260F3EC00ACF1D7 /* .gitignore in Resources */ = {isa = PBXBuildFile; fileRef = 651E93722260F3EC00ACF1D7 /* .gitignore */; };
		6529403922661CF400ACD036 /* CDLDName.swift in Sources */ = {isa = PBXBuildFile; fileRef = 6529403822661CF400ACD036 /* CDLDName.swift */; };
		6529403B22661D5000ACD036 /* CDLDCoordinates.swift in Sources */ = {isa = PBXBuildFile; fileRef = 6529403A22661D5000ACD036 /* CDLDCoordinates.swift */; };
		6529403D22661D8300ACD036 /* CDLDTimezone.swift in Sources */ = {isa = PBXBuildFile; fileRef = 6529403C22661D8300ACD036 /* CDLDTimezone.swift */; };
		6529403F22661DC700ACD036 /* CDLDLogin.swift in Sources */ = {isa = PBXBuildFile; fileRef = 6529403E22661DC700ACD036 /* CDLDLogin.swift */; };
		6529404122661E2400ACD036 /* CDLDDayOfBirth.swift in Sources */ = {isa = PBXBuildFile; fileRef = 6529404022661E2400ACD036 /* CDLDDayOfBirth.swift */; };
		6529404322661E6900ACD036 /* CDLDID.swift in Sources */ = {isa = PBXBuildFile; fileRef = 6529404222661E6900ACD036 /* CDLDID.swift */; };
		6529404522661E9100ACD036 /* CDLDPicture.swift in Sources */ = {isa = PBXBuildFile; fileRef = 6529404422661E9100ACD036 /* CDLDPicture.swift */; };
		6529404722661EC800ACD036 /* CDLDUser.swift in Sources */ = {isa = PBXBuildFile; fileRef = 6529404622661EC800ACD036 /* CDLDUser.swift */; };
		6529404922661F1B00ACD036 /* CDLDLocation.swift in Sources */ = {isa = PBXBuildFile; fileRef = 6529404822661F1B00ACD036 /* CDLDLocation.swift */; };
		6529404B2266200200ACD036 /* CDLDRegistered.swift in Sources */ = {isa = PBXBuildFile; fileRef = 6529404A2266200200ACD036 /* CDLDRegistered.swift */; };
		657941992266264C00A3AA87 /* CDLDResults.swift in Sources */ = {isa = PBXBuildFile; fileRef = 657941982266264C00A3AA87 /* CDLDResults.swift */; };
/* End PBXBuildFile section */

/* Begin PBXFileReference section */
		6518951622662F8B0070788D /* CDLD.xcdatamodel */ = {isa = PBXFileReference; lastKnownFileType = wrapper.xcdatamodel; path = CDLD.xcdatamodel; sourceTree = "<group>"; };
		651E934B2260DD3A00ACF1D7 /* RandomUserCoreData.app */ = {isa = PBXFileReference; explicitFileType = wrapper.application; includeInIndex = 0; path = RandomUserCoreData.app; sourceTree = BUILT_PRODUCTS_DIR; };
		651E934E2260DD3A00ACF1D7 /* AppDelegate.swift */ = {isa = PBXFileReference; lastKnownFileType = sourcecode.swift; path = AppDelegate.swift; sourceTree = "<group>"; };
		651E93532260DD3A00ACF1D7 /* Base */ = {isa = PBXFileReference; lastKnownFileType = file.storyboard; name = Base; path = Base.lproj/Main.storyboard; sourceTree = "<group>"; };
		651E93562260DD3B00ACF1D7 /* RandomUserCoreData.xcdatamodel */ = {isa = PBXFileReference; lastKnownFileType = wrapper.xcdatamodel; path = RandomUserCoreData.xcdatamodel; sourceTree = "<group>"; };
		651E93582260DD3C00ACF1D7 /* Assets.xcassets */ = {isa = PBXFileReference; lastKnownFileType = folder.assetcatalog; path = Assets.xcassets; sourceTree = "<group>"; };
		651E935B2260DD3C00ACF1D7 /* Base */ = {isa = PBXFileReference; lastKnownFileType = file.storyboard; name = Base; path = Base.lproj/LaunchScreen.storyboard; sourceTree = "<group>"; };
		651E935D2260DD3C00ACF1D7 /* Info.plist */ = {isa = PBXFileReference; lastKnownFileType = text.plist.xml; path = Info.plist; sourceTree = "<group>"; };
		651E93632260E58600ACF1D7 /* RandomUserTableViewController.swift */ = {isa = PBXFileReference; lastKnownFileType = sourcecode.swift; path = RandomUserTableViewController.swift; sourceTree = "<group>"; };
		651E93662260E60B00ACF1D7 /* RandomUserTableViewCell.swift */ = {isa = PBXFileReference; lastKnownFileType = sourcecode.swift; path = RandomUserTableViewCell.swift; sourceTree = "<group>"; };
		651E93672260E60B00ACF1D7 /* RandomUserTableViewCell.xib */ = {isa = PBXFileReference; lastKnownFileType = file.xib; path = RandomUserTableViewCell.xib; sourceTree = "<group>"; };
		651E936E2260EBF200ACF1D7 /* UITableView+Xib.swift */ = {isa = PBXFileReference; lastKnownFileType = sourcecode.swift; path = "UITableView+Xib.swift"; sourceTree = "<group>"; };
		651E93722260F3EC00ACF1D7 /* .gitignore */ = {isa = PBXFileReference; fileEncoding = 4; lastKnownFileType = text; path = .gitignore; sourceTree = "<group>"; };
		6529403822661CF400ACD036 /* CDLDName.swift */ = {isa = PBXFileReference; lastKnownFileType = sourcecode.swift; path = CDLDName.swift; sourceTree = "<group>"; };
		6529403A22661D5000ACD036 /* CDLDCoordinates.swift */ = {isa = PBXFileReference; lastKnownFileType = sourcecode.swift; path = CDLDCoordinates.swift; sourceTree = "<group>"; };
		6529403C22661D8300ACD036 /* CDLDTimezone.swift */ = {isa = PBXFileReference; lastKnownFileType = sourcecode.swift; path = CDLDTimezone.swift; sourceTree = "<group>"; };
		6529403E22661DC700ACD036 /* CDLDLogin.swift */ = {isa = PBXFileReference; lastKnownFileType = sourcecode.swift; path = CDLDLogin.swift; sourceTree = "<group>"; };
		6529404022661E2400ACD036 /* CDLDDayOfBirth.swift */ = {isa = PBXFileReference; lastKnownFileType = sourcecode.swift; path = CDLDDayOfBirth.swift; sourceTree = "<group>"; };
		6529404222661E6900ACD036 /* CDLDID.swift */ = {isa = PBXFileReference; lastKnownFileType = sourcecode.swift; path = CDLDID.swift; sourceTree = "<group>"; };
		6529404422661E9100ACD036 /* CDLDPicture.swift */ = {isa = PBXFileReference; lastKnownFileType = sourcecode.swift; path = CDLDPicture.swift; sourceTree = "<group>"; };
		6529404622661EC800ACD036 /* CDLDUser.swift */ = {isa = PBXFileReference; lastKnownFileType = sourcecode.swift; path = CDLDUser.swift; sourceTree = "<group>"; };
		6529404822661F1B00ACD036 /* CDLDLocation.swift */ = {isa = PBXFileReference; lastKnownFileType = sourcecode.swift; path = CDLDLocation.swift; sourceTree = "<group>"; };
		6529404A2266200200ACD036 /* CDLDRegistered.swift */ = {isa = PBXFileReference; lastKnownFileType = sourcecode.swift; path = CDLDRegistered.swift; sourceTree = "<group>"; };
		657941982266264C00A3AA87 /* CDLDResults.swift */ = {isa = PBXFileReference; lastKnownFileType = sourcecode.swift; path = CDLDResults.swift; sourceTree = "<group>"; };
/* End PBXFileReference section */

/* Begin PBXFrameworksBuildPhase section */
		651E93482260DD3A00ACF1D7 /* Frameworks */ = {
			isa = PBXFrameworksBuildPhase;
			buildActionMask = 2147483647;
			files = (
			);
			runOnlyForDeploymentPostprocessing = 0;
		};
/* End PBXFrameworksBuildPhase section */

/* Begin PBXGroup section */
		6518951422662F280070788D /* CoreData */ = {
			isa = PBXGroup;
			children = (
				6518951522662F8B0070788D /* CDLD.xcdatamodeld */,
			);
			path = CoreData;
			sourceTree = "<group>";
		};
		651E93422260DD3A00ACF1D7 = {
			isa = PBXGroup;
			children = (
				651E93722260F3EC00ACF1D7 /* .gitignore */,
				651E934D2260DD3A00ACF1D7 /* RandomUserCoreData */,
				651E934C2260DD3A00ACF1D7 /* Products */,
			);
			sourceTree = "<group>";
		};
		651E934C2260DD3A00ACF1D7 /* Products */ = {
			isa = PBXGroup;
			children = (
				651E934B2260DD3A00ACF1D7 /* RandomUserCoreData.app */,
			);
			name = Products;
			sourceTree = "<group>";
		};
		651E934D2260DD3A00ACF1D7 /* RandomUserCoreData */ = {
			isa = PBXGroup;
			children = (
				6518951422662F280070788D /* CoreData */,
				6529403722661C6200ACD036 /* Models */,
				651E936D2260EBC400ACF1D7 /* Extensions */,
				651E936A2260E68900ACF1D7 /* Controllers */,
				651E93652260E5E200ACF1D7 /* Views */,
				651E934E2260DD3A00ACF1D7 /* AppDelegate.swift */,
				651E93522260DD3A00ACF1D7 /* Main.storyboard */,
				651E93582260DD3C00ACF1D7 /* Assets.xcassets */,
				651E935A2260DD3C00ACF1D7 /* LaunchScreen.storyboard */,
				651E935D2260DD3C00ACF1D7 /* Info.plist */,
				651E93552260DD3B00ACF1D7 /* RandomUserCoreData.xcdatamodeld */,
			);
			path = RandomUserCoreData;
			sourceTree = "<group>";
		};
		651E93652260E5E200ACF1D7 /* Views */ = {
			isa = PBXGroup;
			children = (
				651E93662260E60B00ACF1D7 /* RandomUserTableViewCell.swift */,
				651E93672260E60B00ACF1D7 /* RandomUserTableViewCell.xib */,
			);
			path = Views;
			sourceTree = "<group>";
		};
		651E936A2260E68900ACF1D7 /* Controllers */ = {
			isa = PBXGroup;
			children = (
				651E93632260E58600ACF1D7 /* RandomUserTableViewController.swift */,
			);
			path = Controllers;
			sourceTree = "<group>";
		};
		651E936D2260EBC400ACF1D7 /* Extensions */ = {
			isa = PBXGroup;
			children = (
				651E936E2260EBF200ACF1D7 /* UITableView+Xib.swift */,
			);
			path = Extensions;
			sourceTree = "<group>";
		};
		6529403722661C6200ACD036 /* Models */ = {
			isa = PBXGroup;
			children = (
				6529404622661EC800ACD036 /* CDLDUser.swift */,
				6529403822661CF400ACD036 /* CDLDName.swift */,
				6529404822661F1B00ACD036 /* CDLDLocation.swift */,
				6529403A22661D5000ACD036 /* CDLDCoordinates.swift */,
				6529403C22661D8300ACD036 /* CDLDTimezone.swift */,
				6529403E22661DC700ACD036 /* CDLDLogin.swift */,
				6529404022661E2400ACD036 /* CDLDDayOfBirth.swift */,
				6529404222661E6900ACD036 /* CDLDID.swift */,
				6529404422661E9100ACD036 /* CDLDPicture.swift */,
				6529404A2266200200ACD036 /* CDLDRegistered.swift */,
				657941982266264C00A3AA87 /* CDLDResults.swift */,
			);
			path = Models;
			sourceTree = "<group>";
		};
/* End PBXGroup section */

/* Begin PBXNativeTarget section */
		651E934A2260DD3A00ACF1D7 /* RandomUserCoreData */ = {
			isa = PBXNativeTarget;
			buildConfigurationList = 651E93602260DD3C00ACF1D7 /* Build configuration list for PBXNativeTarget "RandomUserCoreData" */;
			buildPhases = (
				651E93472260DD3A00ACF1D7 /* Sources */,
				651E93482260DD3A00ACF1D7 /* Frameworks */,
				651E93492260DD3A00ACF1D7 /* Resources */,
			);
			buildRules = (
			);
			dependencies = (
			);
			name = RandomUserCoreData;
			productName = RandomUserCoreData;
			productReference = 651E934B2260DD3A00ACF1D7 /* RandomUserCoreData.app */;
			productType = "com.apple.product-type.application";
		};
/* End PBXNativeTarget section */

/* Begin PBXProject section */
		651E93432260DD3A00ACF1D7 /* Project object */ = {
			isa = PBXProject;
			attributes = {
				LastSwiftUpdateCheck = 1020;
				LastUpgradeCheck = 1020;
				ORGANIZATIONNAME = "Mykhailo Sorokin";
				TargetAttributes = {
					651E934A2260DD3A00ACF1D7 = {
						CreatedOnToolsVersion = 10.2;
					};
				};
			};
			buildConfigurationList = 651E93462260DD3A00ACF1D7 /* Build configuration list for PBXProject "RandomUserCoreData" */;
			compatibilityVersion = "Xcode 9.3";
			developmentRegion = en;
			hasScannedForEncodings = 0;
			knownRegions = (
				en,
				Base,
			);
			mainGroup = 651E93422260DD3A00ACF1D7;
			productRefGroup = 651E934C2260DD3A00ACF1D7 /* Products */;
			projectDirPath = "";
			projectRoot = "";
			targets = (
				651E934A2260DD3A00ACF1D7 /* RandomUserCoreData */,
			);
		};
/* End PBXProject section */

/* Begin PBXResourcesBuildPhase section */
		651E93492260DD3A00ACF1D7 /* Resources */ = {
			isa = PBXResourcesBuildPhase;
			buildActionMask = 2147483647;
			files = (
				651E93732260F3EC00ACF1D7 /* .gitignore in Resources */,
				651E935C2260DD3C00ACF1D7 /* LaunchScreen.storyboard in Resources */,
				651E93592260DD3C00ACF1D7 /* Assets.xcassets in Resources */,
				651E93542260DD3A00ACF1D7 /* Main.storyboard in Resources */,
				651E93692260E60B00ACF1D7 /* RandomUserTableViewCell.xib in Resources */,
			);
			runOnlyForDeploymentPostprocessing = 0;
		};
/* End PBXResourcesBuildPhase section */

/* Begin PBXSourcesBuildPhase section */
		651E93472260DD3A00ACF1D7 /* Sources */ = {
			isa = PBXSourcesBuildPhase;
			buildActionMask = 2147483647;
			files = (
				6529404122661E2400ACD036 /* CDLDDayOfBirth.swift in Sources */,
				6529404B2266200200ACD036 /* CDLDRegistered.swift in Sources */,
				6529403B22661D5000ACD036 /* CDLDCoordinates.swift in Sources */,
				651E93572260DD3B00ACF1D7 /* RandomUserCoreData.xcdatamodeld in Sources */,
				651E93642260E58600ACF1D7 /* RandomUserTableViewController.swift in Sources */,
				6518951722662F8B0070788D /* CDLD.xcdatamodeld in Sources */,
				657941992266264C00A3AA87 /* CDLDResults.swift in Sources */,
				651E93682260E60B00ACF1D7 /* RandomUserTableViewCell.swift in Sources */,
				6529403F22661DC700ACD036 /* CDLDLogin.swift in Sources */,
				6529404322661E6900ACD036 /* CDLDID.swift in Sources */,
				6529404922661F1B00ACD036 /* CDLDLocation.swift in Sources */,
				6529404722661EC800ACD036 /* CDLDUser.swift in Sources */,
				6529404522661E9100ACD036 /* CDLDPicture.swift in Sources */,
				6529403922661CF400ACD036 /* CDLDName.swift in Sources */,
				651E934F2260DD3A00ACF1D7 /* AppDelegate.swift in Sources */,
				651E936F2260EBF200ACF1D7 /* UITableView+Xib.swift in Sources */,
				6529403D22661D8300ACD036 /* CDLDTimezone.swift in Sources */,
			);
			runOnlyForDeploymentPostprocessing = 0;
		};
/* End PBXSourcesBuildPhase section */

/* Begin PBXVariantGroup section */
		651E93522260DD3A00ACF1D7 /* Main.storyboard */ = {
			isa = PBXVariantGroup;
			children = (
				651E93532260DD3A00ACF1D7 /* Base */,
			);
			name = Main.storyboard;
			sourceTree = "<group>";
		};
		651E935A2260DD3C00ACF1D7 /* LaunchScreen.storyboard */ = {
			isa = PBXVariantGroup;
			children = (
				651E935B2260DD3C00ACF1D7 /* Base */,
			);
			name = LaunchScreen.storyboard;
			sourceTree = "<group>";
		};
/* End PBXVariantGroup section */

/* Begin XCBuildConfiguration section */
		651E935E2260DD3C00ACF1D7 /* Debug */ = {
			isa = XCBuildConfiguration;
			buildSettings = {
				ALWAYS_SEARCH_USER_PATHS = NO;
				CLANG_ANALYZER_NONNULL = YES;
				CLANG_ANALYZER_NUMBER_OBJECT_CONVERSION = YES_AGGRESSIVE;
				CLANG_CXX_LANGUAGE_STANDARD = "gnu++14";
				CLANG_CXX_LIBRARY = "libc++";
				CLANG_ENABLE_MODULES = YES;
				CLANG_ENABLE_OBJC_ARC = YES;
				CLANG_ENABLE_OBJC_WEAK = YES;
				CLANG_WARN_BLOCK_CAPTURE_AUTORELEASING = YES;
				CLANG_WARN_BOOL_CONVERSION = YES;
				CLANG_WARN_COMMA = YES;
				CLANG_WARN_CONSTANT_CONVERSION = YES;
				CLANG_WARN_DEPRECATED_OBJC_IMPLEMENTATIONS = YES;
				CLANG_WARN_DIRECT_OBJC_ISA_USAGE = YES_ERROR;
				CLANG_WARN_DOCUMENTATION_COMMENTS = YES;
				CLANG_WARN_EMPTY_BODY = YES;
				CLANG_WARN_ENUM_CONVERSION = YES;
				CLANG_WARN_INFINITE_RECURSION = YES;
				CLANG_WARN_INT_CONVERSION = YES;
				CLANG_WARN_NON_LITERAL_NULL_CONVERSION = YES;
				CLANG_WARN_OBJC_IMPLICIT_RETAIN_SELF = YES;
				CLANG_WARN_OBJC_LITERAL_CONVERSION = YES;
				CLANG_WARN_OBJC_ROOT_CLASS = YES_ERROR;
				CLANG_WARN_RANGE_LOOP_ANALYSIS = YES;
				CLANG_WARN_STRICT_PROTOTYPES = YES;
				CLANG_WARN_SUSPICIOUS_MOVE = YES;
				CLANG_WARN_UNGUARDED_AVAILABILITY = YES_AGGRESSIVE;
				CLANG_WARN_UNREACHABLE_CODE = YES;
				CLANG_WARN__DUPLICATE_METHOD_MATCH = YES;
				CODE_SIGN_IDENTITY = "iPhone Developer";
				COPY_PHASE_STRIP = NO;
				DEBUG_INFORMATION_FORMAT = dwarf;
				ENABLE_STRICT_OBJC_MSGSEND = YES;
				ENABLE_TESTABILITY = YES;
				GCC_C_LANGUAGE_STANDARD = gnu11;
				GCC_DYNAMIC_NO_PIC = NO;
				GCC_NO_COMMON_BLOCKS = YES;
				GCC_OPTIMIZATION_LEVEL = 0;
				GCC_PREPROCESSOR_DEFINITIONS = (
					"DEBUG=1",
					"$(inherited)",
				);
				GCC_WARN_64_TO_32_BIT_CONVERSION = YES;
				GCC_WARN_ABOUT_RETURN_TYPE = YES_ERROR;
				GCC_WARN_UNDECLARED_SELECTOR = YES;
				GCC_WARN_UNINITIALIZED_AUTOS = YES_AGGRESSIVE;
				GCC_WARN_UNUSED_FUNCTION = YES;
				GCC_WARN_UNUSED_VARIABLE = YES;
				IPHONEOS_DEPLOYMENT_TARGET = 12.2;
				MTL_ENABLE_DEBUG_INFO = INCLUDE_SOURCE;
				MTL_FAST_MATH = YES;
				ONLY_ACTIVE_ARCH = YES;
				SDKROOT = iphoneos;
				SWIFT_ACTIVE_COMPILATION_CONDITIONS = DEBUG;
				SWIFT_OPTIMIZATION_LEVEL = "-Onone";
			};
			name = Debug;
		};
		651E935F2260DD3C00ACF1D7 /* Release */ = {
			isa = XCBuildConfiguration;
			buildSettings = {
				ALWAYS_SEARCH_USER_PATHS = NO;
				CLANG_ANALYZER_NONNULL = YES;
				CLANG_ANALYZER_NUMBER_OBJECT_CONVERSION = YES_AGGRESSIVE;
				CLANG_CXX_LANGUAGE_STANDARD = "gnu++14";
				CLANG_CXX_LIBRARY = "libc++";
				CLANG_ENABLE_MODULES = YES;
				CLANG_ENABLE_OBJC_ARC = YES;
				CLANG_ENABLE_OBJC_WEAK = YES;
				CLANG_WARN_BLOCK_CAPTURE_AUTORELEASING = YES;
				CLANG_WARN_BOOL_CONVERSION = YES;
				CLANG_WARN_COMMA = YES;
				CLANG_WARN_CONSTANT_CONVERSION = YES;
				CLANG_WARN_DEPRECATED_OBJC_IMPLEMENTATIONS = YES;
				CLANG_WARN_DIRECT_OBJC_ISA_USAGE = YES_ERROR;
				CLANG_WARN_DOCUMENTATION_COMMENTS = YES;
				CLANG_WARN_EMPTY_BODY = YES;
				CLANG_WARN_ENUM_CONVERSION = YES;
				CLANG_WARN_INFINITE_RECURSION = YES;
				CLANG_WARN_INT_CONVERSION = YES;
				CLANG_WARN_NON_LITERAL_NULL_CONVERSION = YES;
				CLANG_WARN_OBJC_IMPLICIT_RETAIN_SELF = YES;
				CLANG_WARN_OBJC_LITERAL_CONVERSION = YES;
				CLANG_WARN_OBJC_ROOT_CLASS = YES_ERROR;
				CLANG_WARN_RANGE_LOOP_ANALYSIS = YES;
				CLANG_WARN_STRICT_PROTOTYPES = YES;
				CLANG_WARN_SUSPICIOUS_MOVE = YES;
				CLANG_WARN_UNGUARDED_AVAILABILITY = YES_AGGRESSIVE;
				CLANG_WARN_UNREACHABLE_CODE = YES;
				CLANG_WARN__DUPLICATE_METHOD_MATCH = YES;
				CODE_SIGN_IDENTITY = "iPhone Developer";
				COPY_PHASE_STRIP = NO;
				DEBUG_INFORMATION_FORMAT = "dwarf-with-dsym";
				ENABLE_NS_ASSERTIONS = NO;
				ENABLE_STRICT_OBJC_MSGSEND = YES;
				GCC_C_LANGUAGE_STANDARD = gnu11;
				GCC_NO_COMMON_BLOCKS = YES;
				GCC_WARN_64_TO_32_BIT_CONVERSION = YES;
				GCC_WARN_ABOUT_RETURN_TYPE = YES_ERROR;
				GCC_WARN_UNDECLARED_SELECTOR = YES;
				GCC_WARN_UNINITIALIZED_AUTOS = YES_AGGRESSIVE;
				GCC_WARN_UNUSED_FUNCTION = YES;
				GCC_WARN_UNUSED_VARIABLE = YES;
				IPHONEOS_DEPLOYMENT_TARGET = 12.2;
				MTL_ENABLE_DEBUG_INFO = NO;
				MTL_FAST_MATH = YES;
				SDKROOT = iphoneos;
				SWIFT_COMPILATION_MODE = wholemodule;
				SWIFT_OPTIMIZATION_LEVEL = "-O";
				VALIDATE_PRODUCT = YES;
			};
			name = Release;
		};
		651E93612260DD3C00ACF1D7 /* Debug */ = {
			isa = XCBuildConfiguration;
			buildSettings = {
				ASSETCATALOG_COMPILER_APPICON_NAME = AppIcon;
				CODE_SIGN_STYLE = Automatic;
				INFOPLIST_FILE = RandomUserCoreData/Info.plist;
				IPHONEOS_DEPLOYMENT_TARGET = 11.0;
				LD_RUNPATH_SEARCH_PATHS = (
					"$(inherited)",
					"@executable_path/Frameworks",
				);
				PRODUCT_BUNDLE_IDENTIFIER = "Mykhailo-Sorokin.RandomUserCoreData";
				PRODUCT_NAME = "$(TARGET_NAME)";
				SWIFT_VERSION = 5.0;
				TARGETED_DEVICE_FAMILY = "1,2";
			};
			name = Debug;
		};
		651E93622260DD3C00ACF1D7 /* Release */ = {
			isa = XCBuildConfiguration;
			buildSettings = {
				ASSETCATALOG_COMPILER_APPICON_NAME = AppIcon;
				CODE_SIGN_STYLE = Automatic;
				INFOPLIST_FILE = RandomUserCoreData/Info.plist;
				IPHONEOS_DEPLOYMENT_TARGET = 11.0;
				LD_RUNPATH_SEARCH_PATHS = (
					"$(inherited)",
					"@executable_path/Frameworks",
				);
				PRODUCT_BUNDLE_IDENTIFIER = "Mykhailo-Sorokin.RandomUserCoreData";
				PRODUCT_NAME = "$(TARGET_NAME)";
				SWIFT_VERSION = 5.0;
				TARGETED_DEVICE_FAMILY = "1,2";
			};
			name = Release;
		};
/* End XCBuildConfiguration section */

/* Begin XCConfigurationList section */
		651E93462260DD3A00ACF1D7 /* Build configuration list for PBXProject "RandomUserCoreData" */ = {
			isa = XCConfigurationList;
			buildConfigurations = (
				651E935E2260DD3C00ACF1D7 /* Debug */,
				651E935F2260DD3C00ACF1D7 /* Release */,
			);
			defaultConfigurationIsVisible = 0;
			defaultConfigurationName = Release;
		};
		651E93602260DD3C00ACF1D7 /* Build configuration list for PBXNativeTarget "RandomUserCoreData" */ = {
			isa = XCConfigurationList;
			buildConfigurations = (
				651E93612260DD3C00ACF1D7 /* Debug */,
				651E93622260DD3C00ACF1D7 /* Release */,
			);
			defaultConfigurationIsVisible = 0;
			defaultConfigurationName = Release;
		};
/* End XCConfigurationList section */

/* Begin XCVersionGroup section */
		6518951522662F8B0070788D /* CDLD.xcdatamodeld */ = {
			isa = XCVersionGroup;
			children = (
				6518951622662F8B0070788D /* CDLD.xcdatamodel */,
			);
			currentVersion = 6518951622662F8B0070788D /* CDLD.xcdatamodel */;
			path = CDLD.xcdatamodeld;
			sourceTree = "<group>";
			versionGroupType = wrapper.xcdatamodel;
		};
		651E93552260DD3B00ACF1D7 /* RandomUserCoreData.xcdatamodeld */ = {
			isa = XCVersionGroup;
			children = (
				651E93562260DD3B00ACF1D7 /* RandomUserCoreData.xcdatamodel */,
			);
			currentVersion = 651E93562260DD3B00ACF1D7 /* RandomUserCoreData.xcdatamodel */;
			path = RandomUserCoreData.xcdatamodeld;
			sourceTree = "<group>";
			versionGroupType = wrapper.xcdatamodel;
		};
/* End XCVersionGroup section */
	};
	rootObject = 651E93432260DD3A00ACF1D7 /* Project object */;
}
